// !$*UTF8*$!
{
	archiveVersion = 1;
	classes = {
	};
	objectVersion = 46;
	objects = {

/* Begin PBXBuildFile section */
		1887C8281C90D5BF00AAAB97 /* Appart.swift in Sources */ = {isa = PBXBuildFile; fileRef = 1887C8271C90D5BF00AAAB97 /* Appart.swift */; };
		18A912B91C7B7C82009BAE81 /* AppDelegate.swift in Sources */ = {isa = PBXBuildFile; fileRef = 18A912B81C7B7C82009BAE81 /* AppDelegate.swift */; };
		18A912BB1C7B7C82009BAE81 /* LPListApptViewController.swift in Sources */ = {isa = PBXBuildFile; fileRef = 18A912BA1C7B7C82009BAE81 /* LPListApptViewController.swift */; };
		18A912BD1C7B7C82009BAE81 /* SecondViewController.swift in Sources */ = {isa = PBXBuildFile; fileRef = 18A912BC1C7B7C82009BAE81 /* SecondViewController.swift */; };
		18A912C01C7B7C82009BAE81 /* Main.storyboard in Resources */ = {isa = PBXBuildFile; fileRef = 18A912BE1C7B7C82009BAE81 /* Main.storyboard */; };
		18A912C21C7B7C82009BAE81 /* Assets.xcassets in Resources */ = {isa = PBXBuildFile; fileRef = 18A912C11C7B7C82009BAE81 /* Assets.xcassets */; };
		18A912C51C7B7C82009BAE81 /* LaunchScreen.storyboard in Resources */ = {isa = PBXBuildFile; fileRef = 18A912C31C7B7C82009BAE81 /* LaunchScreen.storyboard */; };
		18A912D01C7B7C82009BAE81 /* LocationParisTests.swift in Sources */ = {isa = PBXBuildFile; fileRef = 18A912CF1C7B7C82009BAE81 /* LocationParisTests.swift */; };
		18A912DB1C7B7C82009BAE81 /* LocationParisUITests.swift in Sources */ = {isa = PBXBuildFile; fileRef = 18A912DA1C7B7C82009BAE81 /* LocationParisUITests.swift */; };
		36412C57DD06CC95206D261A /* libPods.a in Frameworks */ = {isa = PBXBuildFile; fileRef = A7FC1257077E290F1886CC3B /* libPods.a */; };
/* End PBXBuildFile section */

/* Begin PBXContainerItemProxy section */
		18A912CC1C7B7C82009BAE81 /* PBXContainerItemProxy */ = {
			isa = PBXContainerItemProxy;
			containerPortal = 18A912AD1C7B7C82009BAE81 /* Project object */;
			proxyType = 1;
			remoteGlobalIDString = 18A912B41C7B7C82009BAE81;
			remoteInfo = LocationParis;
		};
		18A912D71C7B7C82009BAE81 /* PBXContainerItemProxy */ = {
			isa = PBXContainerItemProxy;
			containerPortal = 18A912AD1C7B7C82009BAE81 /* Project object */;
			proxyType = 1;
			remoteGlobalIDString = 18A912B41C7B7C82009BAE81;
			remoteInfo = LocationParis;
		};
/* End PBXContainerItemProxy section */

/* Begin PBXFileReference section */
		1887C8271C90D5BF00AAAB97 /* Appart.swift */ = {isa = PBXFileReference; fileEncoding = 4; lastKnownFileType = sourcecode.swift; path = Appart.swift; sourceTree = "<group>"; };
		18A912B51C7B7C82009BAE81 /* LocationParis.app */ = {isa = PBXFileReference; explicitFileType = wrapper.application; includeInIndex = 0; path = LocationParis.app; sourceTree = BUILT_PRODUCTS_DIR; };
		18A912B81C7B7C82009BAE81 /* AppDelegate.swift */ = {isa = PBXFileReference; lastKnownFileType = sourcecode.swift; path = AppDelegate.swift; sourceTree = "<group>"; };
		18A912BA1C7B7C82009BAE81 /* LPListApptViewController.swift */ = {isa = PBXFileReference; lastKnownFileType = sourcecode.swift; path = LPListApptViewController.swift; sourceTree = "<group>"; };
		18A912BC1C7B7C82009BAE81 /* SecondViewController.swift */ = {isa = PBXFileReference; lastKnownFileType = sourcecode.swift; path = SecondViewController.swift; sourceTree = "<group>"; };
		18A912BF1C7B7C82009BAE81 /* Base */ = {isa = PBXFileReference; lastKnownFileType = file.storyboard; name = Base; path = Base.lproj/Main.storyboard; sourceTree = "<group>"; };
		18A912C11C7B7C82009BAE81 /* Assets.xcassets */ = {isa = PBXFileReference; lastKnownFileType = folder.assetcatalog; path = Assets.xcassets; sourceTree = "<group>"; };
		18A912C41C7B7C82009BAE81 /* Base */ = {isa = PBXFileReference; lastKnownFileType = file.storyboard; name = Base; path = Base.lproj/LaunchScreen.storyboard; sourceTree = "<group>"; };
		18A912C61C7B7C82009BAE81 /* Info.plist */ = {isa = PBXFileReference; lastKnownFileType = text.plist.xml; path = Info.plist; sourceTree = "<group>"; };
		18A912CB1C7B7C82009BAE81 /* LocationParisTests.xctest */ = {isa = PBXFileReference; explicitFileType = wrapper.cfbundle; includeInIndex = 0; path = LocationParisTests.xctest; sourceTree = BUILT_PRODUCTS_DIR; };
		18A912CF1C7B7C82009BAE81 /* LocationParisTests.swift */ = {isa = PBXFileReference; lastKnownFileType = sourcecode.swift; path = LocationParisTests.swift; sourceTree = "<group>"; };
		18A912D11C7B7C82009BAE81 /* Info.plist */ = {isa = PBXFileReference; lastKnownFileType = text.plist.xml; path = Info.plist; sourceTree = "<group>"; };
		18A912D61C7B7C82009BAE81 /* LocationParisUITests.xctest */ = {isa = PBXFileReference; explicitFileType = wrapper.cfbundle; includeInIndex = 0; path = LocationParisUITests.xctest; sourceTree = BUILT_PRODUCTS_DIR; };
		18A912DA1C7B7C82009BAE81 /* LocationParisUITests.swift */ = {isa = PBXFileReference; lastKnownFileType = sourcecode.swift; path = LocationParisUITests.swift; sourceTree = "<group>"; };
		18A912DC1C7B7C82009BAE81 /* Info.plist */ = {isa = PBXFileReference; lastKnownFileType = text.plist.xml; path = Info.plist; sourceTree = "<group>"; };
		20CE99F446405D749CDD6F61 /* Pods.debug.xcconfig */ = {isa = PBXFileReference; includeInIndex = 1; lastKnownFileType = text.xcconfig; name = Pods.debug.xcconfig; path = "Pods/Target Support Files/Pods/Pods.debug.xcconfig"; sourceTree = "<group>"; };
		44EAADD7359242640B4DB066 /* Pods.release.xcconfig */ = {isa = PBXFileReference; includeInIndex = 1; lastKnownFileType = text.xcconfig; name = Pods.release.xcconfig; path = "Pods/Target Support Files/Pods/Pods.release.xcconfig"; sourceTree = "<group>"; };
		A7FC1257077E290F1886CC3B /* libPods.a */ = {isa = PBXFileReference; explicitFileType = archive.ar; includeInIndex = 0; path = libPods.a; sourceTree = BUILT_PRODUCTS_DIR; };
/* End PBXFileReference section */

/* Begin PBXFrameworksBuildPhase section */
		18A912B21C7B7C82009BAE81 /* Frameworks */ = {
			isa = PBXFrameworksBuildPhase;
			buildActionMask = 2147483647;
			files = (
				36412C57DD06CC95206D261A /* libPods.a in Frameworks */,
			);
			runOnlyForDeploymentPostprocessing = 0;
		};
		18A912C81C7B7C82009BAE81 /* Frameworks */ = {
			isa = PBXFrameworksBuildPhase;
			buildActionMask = 2147483647;
			files = (
			);
			runOnlyForDeploymentPostprocessing = 0;
		};
		18A912D31C7B7C82009BAE81 /* Frameworks */ = {
			isa = PBXFrameworksBuildPhase;
			buildActionMask = 2147483647;
			files = (
			);
			runOnlyForDeploymentPostprocessing = 0;
		};
/* End PBXFrameworksBuildPhase section */

/* Begin PBXGroup section */
		1887C8261C90D5A900AAAB97 /* Model */ = {
			isa = PBXGroup;
			children = (
				1887C8271C90D5BF00AAAB97 /* Appart.swift */,
			);
			name = Model;
			sourceTree = "<group>";
		};
		18A912AC1C7B7C82009BAE81 = {
			isa = PBXGroup;
			children = (
				18A912B71C7B7C82009BAE81 /* LocationParis */,
				18A912CE1C7B7C82009BAE81 /* LocationParisTests */,
				18A912D91C7B7C82009BAE81 /* LocationParisUITests */,
				18A912B61C7B7C82009BAE81 /* Products */,
				64D69897451BDF8016AE072D /* Pods */,
				98AB4604741ECCB24ECE5422 /* Frameworks */,
			);
			sourceTree = "<group>";
		};
		18A912B61C7B7C82009BAE81 /* Products */ = {
			isa = PBXGroup;
			children = (
				18A912B51C7B7C82009BAE81 /* LocationParis.app */,
				18A912CB1C7B7C82009BAE81 /* LocationParisTests.xctest */,
				18A912D61C7B7C82009BAE81 /* LocationParisUITests.xctest */,
			);
			name = Products;
			sourceTree = "<group>";
		};
		18A912B71C7B7C82009BAE81 /* LocationParis */ = {
			isa = PBXGroup;
			children = (
				1887C8261C90D5A900AAAB97 /* Model */,
				18A912B81C7B7C82009BAE81 /* AppDelegate.swift */,
				18A912BA1C7B7C82009BAE81 /* LPListApptViewController.swift */,
				18A912BC1C7B7C82009BAE81 /* SecondViewController.swift */,
				18A912BE1C7B7C82009BAE81 /* Main.storyboard */,
				18A912C11C7B7C82009BAE81 /* Assets.xcassets */,
				18A912C31C7B7C82009BAE81 /* LaunchScreen.storyboard */,
				18A912C61C7B7C82009BAE81 /* Info.plist */,
			);
			path = LocationParis;
			sourceTree = "<group>";
		};
		18A912CE1C7B7C82009BAE81 /* LocationParisTests */ = {
			isa = PBXGroup;
			children = (
				18A912CF1C7B7C82009BAE81 /* LocationParisTests.swift */,
				18A912D11C7B7C82009BAE81 /* Info.plist */,
			);
			path = LocationParisTests;
			sourceTree = "<group>";
		};
		18A912D91C7B7C82009BAE81 /* LocationParisUITests */ = {
			isa = PBXGroup;
			children = (
				18A912DA1C7B7C82009BAE81 /* LocationParisUITests.swift */,
				18A912DC1C7B7C82009BAE81 /* Info.plist */,
			);
			path = LocationParisUITests;
			sourceTree = "<group>";
		};
		64D69897451BDF8016AE072D /* Pods */ = {
			isa = PBXGroup;
			children = (
				20CE99F446405D749CDD6F61 /* Pods.debug.xcconfig */,
				44EAADD7359242640B4DB066 /* Pods.release.xcconfig */,
			);
			name = Pods;
			sourceTree = "<group>";
		};
		98AB4604741ECCB24ECE5422 /* Frameworks */ = {
			isa = PBXGroup;
			children = (
				A7FC1257077E290F1886CC3B /* libPods.a */,
			);
			name = Frameworks;
			sourceTree = "<group>";
		};
/* End PBXGroup section */

/* Begin PBXNativeTarget section */
		18A912B41C7B7C82009BAE81 /* LocationParis */ = {
			isa = PBXNativeTarget;
			buildConfigurationList = 18A912DF1C7B7C82009BAE81 /* Build configuration list for PBXNativeTarget "LocationParis" */;
			buildPhases = (
				5B046EF5197FE24DDBFFE65F /* Check Pods Manifest.lock */,
				18A912B11C7B7C82009BAE81 /* Sources */,
				18A912B21C7B7C82009BAE81 /* Frameworks */,
				18A912B31C7B7C82009BAE81 /* Resources */,
				EB2A7EED9466F9DB86CF7972 /* Embed Pods Frameworks */,
				7F4D62786F43EE8DC3F84B81 /* Copy Pods Resources */,
			);
			buildRules = (
			);
			dependencies = (
			);
			name = LocationParis;
			productName = LocationParis;
			productReference = 18A912B51C7B7C82009BAE81 /* LocationParis.app */;
			productType = "com.apple.product-type.application";
		};
		18A912CA1C7B7C82009BAE81 /* LocationParisTests */ = {
			isa = PBXNativeTarget;
			buildConfigurationList = 18A912E21C7B7C82009BAE81 /* Build configuration list for PBXNativeTarget "LocationParisTests" */;
			buildPhases = (
				18A912C71C7B7C82009BAE81 /* Sources */,
				18A912C81C7B7C82009BAE81 /* Frameworks */,
				18A912C91C7B7C82009BAE81 /* Resources */,
			);
			buildRules = (
			);
			dependencies = (
				18A912CD1C7B7C82009BAE81 /* PBXTargetDependency */,
			);
			name = LocationParisTests;
			productName = LocationParisTests;
			productReference = 18A912CB1C7B7C82009BAE81 /* LocationParisTests.xctest */;
			productType = "com.apple.product-type.bundle.unit-test";
		};
		18A912D51C7B7C82009BAE81 /* LocationParisUITests */ = {
			isa = PBXNativeTarget;
			buildConfigurationList = 18A912E51C7B7C82009BAE81 /* Build configuration list for PBXNativeTarget "LocationParisUITests" */;
			buildPhases = (
				18A912D21C7B7C82009BAE81 /* Sources */,
				18A912D31C7B7C82009BAE81 /* Frameworks */,
				18A912D41C7B7C82009BAE81 /* Resources */,
			);
			buildRules = (
			);
			dependencies = (
				18A912D81C7B7C82009BAE81 /* PBXTargetDependency */,
			);
			name = LocationParisUITests;
			productName = LocationParisUITests;
			productReference = 18A912D61C7B7C82009BAE81 /* LocationParisUITests.xctest */;
			productType = "com.apple.product-type.bundle.ui-testing";
		};
/* End PBXNativeTarget section */

/* Begin PBXProject section */
		18A912AD1C7B7C82009BAE81 /* Project object */ = {
			isa = PBXProject;
			attributes = {
				LastSwiftUpdateCheck = 0720;
				LastUpgradeCheck = 0720;
				ORGANIZATIONNAME = Fantestech;
				TargetAttributes = {
					18A912B41C7B7C82009BAE81 = {
						CreatedOnToolsVersion = 7.2.1;
					};
					18A912CA1C7B7C82009BAE81 = {
						CreatedOnToolsVersion = 7.2.1;
						TestTargetID = 18A912B41C7B7C82009BAE81;
					};
					18A912D51C7B7C82009BAE81 = {
						CreatedOnToolsVersion = 7.2.1;
						TestTargetID = 18A912B41C7B7C82009BAE81;
					};
				};
			};
			buildConfigurationList = 18A912B01C7B7C82009BAE81 /* Build configuration list for PBXProject "LocationParis" */;
			compatibilityVersion = "Xcode 3.2";
			developmentRegion = English;
			hasScannedForEncodings = 0;
			knownRegions = (
				en,
				Base,
			);
			mainGroup = 18A912AC1C7B7C82009BAE81;
			productRefGroup = 18A912B61C7B7C82009BAE81 /* Products */;
			projectDirPath = "";
			projectRoot = "";
			targets = (
				18A912B41C7B7C82009BAE81 /* LocationParis */,
				18A912CA1C7B7C82009BAE81 /* LocationParisTests */,
				18A912D51C7B7C82009BAE81 /* LocationParisUITests */,
			);
		};
/* End PBXProject section */

/* Begin PBXResourcesBuildPhase section */
		18A912B31C7B7C82009BAE81 /* Resources */ = {
			isa = PBXResourcesBuildPhase;
			buildActionMask = 2147483647;
			files = (
				18A912C51C7B7C82009BAE81 /* LaunchScreen.storyboard in Resources */,
				18A912C21C7B7C82009BAE81 /* Assets.xcassets in Resources */,
				18A912C01C7B7C82009BAE81 /* Main.storyboard in Resources */,
			);
			runOnlyForDeploymentPostprocessing = 0;
		};
		18A912C91C7B7C82009BAE81 /* Resources */ = {
			isa = PBXResourcesBuildPhase;
			buildActionMask = 2147483647;
			files = (
			);
			runOnlyForDeploymentPostprocessing = 0;
		};
		18A912D41C7B7C82009BAE81 /* Resources */ = {
			isa = PBXResourcesBuildPhase;
			buildActionMask = 2147483647;
			files = (
			);
			runOnlyForDeploymentPostprocessing = 0;
		};
/* End PBXResourcesBuildPhase section */

/* Begin PBXShellScriptBuildPhase section */
		5B046EF5197FE24DDBFFE65F /* Check Pods Manifest.lock */ = {
			isa = PBXShellScriptBuildPhase;
			buildActionMask = 2147483647;
			files = (
			);
			inputPaths = (
			);
			name = "Check Pods Manifest.lock";
			outputPaths = (
			);
			runOnlyForDeploymentPostprocessing = 0;
			shellPath = /bin/sh;
			shellScript = "diff \"${PODS_ROOT}/../Podfile.lock\" \"${PODS_ROOT}/Manifest.lock\" > /dev/null\nif [[ $? != 0 ]] ; then\n    cat << EOM\nerror: The sandbox is not in sync with the Podfile.lock. Run 'pod install' or update your CocoaPods installation.\nEOM\n    exit 1\nfi\n";
			showEnvVarsInLog = 0;
		};
		7F4D62786F43EE8DC3F84B81 /* Copy Pods Resources */ = {
			isa = PBXShellScriptBuildPhase;
			buildActionMask = 2147483647;
			files = (
			);
			inputPaths = (
			);
			name = "Copy Pods Resources";
			outputPaths = (
			);
			runOnlyForDeploymentPostprocessing = 0;
			shellPath = /bin/sh;
			shellScript = "\"${SRCROOT}/Pods/Target Support Files/Pods/Pods-resources.sh\"\n";
			showEnvVarsInLog = 0;
		};
		EB2A7EED9466F9DB86CF7972 /* Embed Pods Frameworks */ = {
			isa = PBXShellScriptBuildPhase;
			buildActionMask = 2147483647;
			files = (
			);
			inputPaths = (
			);
			name = "Embed Pods Frameworks";
			outputPaths = (
			);
			runOnlyForDeploymentPostprocessing = 0;
			shellPath = /bin/sh;
			shellScript = "\"${SRCROOT}/Pods/Target Support Files/Pods/Pods-frameworks.sh\"\n";
			showEnvVarsInLog = 0;
		};
/* End PBXShellScriptBuildPhase section */

/* Begin PBXSourcesBuildPhase section */
		18A912B11C7B7C82009BAE81 /* Sources */ = {
			isa = PBXSourcesBuildPhase;
			buildActionMask = 2147483647;
			files = (
				18A912BD1C7B7C82009BAE81 /* SecondViewController.swift in Sources */,
				18A912B91C7B7C82009BAE81 /* AppDelegate.swift in Sources */,
				18A912BB1C7B7C82009BAE81 /* LPListApptViewController.swift in Sources */,
				1887C8281C90D5BF00AAAB97 /* Appart.swift in Sources */,
			);
			runOnlyForDeploymentPostprocessing = 0;
		};
		18A912C71C7B7C82009BAE81 /* Sources */ = {
			isa = PBXSourcesBuildPhase;
			buildActionMask = 2147483647;
			files = (
				18A912D01C7B7C82009BAE81 /* LocationParisTests.swift in Sources */,
			);
			runOnlyForDeploymentPostprocessing = 0;
		};
		18A912D21C7B7C82009BAE81 /* Sources */ = {
			isa = PBXSourcesBuildPhase;
			buildActionMask = 2147483647;
			files = (
				18A912DB1C7B7C82009BAE81 /* LocationParisUITests.swift in Sources */,
			);
			runOnlyForDeploymentPostprocessing = 0;
		};
/* End PBXSourcesBuildPhase section */

/* Begin PBXTargetDependency section */
		18A912CD1C7B7C82009BAE81 /* PBXTargetDependency */ = {
			isa = PBXTargetDependency;
			target = 18A912B41C7B7C82009BAE81 /* LocationParis */;
			targetProxy = 18A912CC1C7B7C82009BAE81 /* PBXContainerItemProxy */;
		};
		18A912D81C7B7C82009BAE81 /* PBXTargetDependency */ = {
			isa = PBXTargetDependency;
			target = 18A912B41C7B7C82009BAE81 /* LocationParis */;
			targetProxy = 18A912D71C7B7C82009BAE81 /* PBXContainerItemProxy */;
		};
/* End PBXTargetDependency section */

/* Begin PBXVariantGroup section */
		18A912BE1C7B7C82009BAE81 /* Main.storyboard */ = {
			isa = PBXVariantGroup;
			children = (
				18A912BF1C7B7C82009BAE81 /* Base */,
			);
			name = Main.storyboard;
			sourceTree = "<group>";
		};
		18A912C31C7B7C82009BAE81 /* LaunchScreen.storyboard */ = {
			isa = PBXVariantGroup;
			children = (
				18A912C41C7B7C82009BAE81 /* Base */,
			);
			name = LaunchScreen.storyboard;
			sourceTree = "<group>";
		};
/* End PBXVariantGroup section */

/* Begin XCBuildConfiguration section */
		18A912DD1C7B7C82009BAE81 /* Debug */ = {
			isa = XCBuildConfiguration;
			buildSettings = {
				ALWAYS_SEARCH_USER_PATHS = NO;
				CLANG_CXX_LANGUAGE_STANDARD = "gnu++0x";
				CLANG_CXX_LIBRARY = "libc++";
				CLANG_ENABLE_MODULES = YES;
				CLANG_ENABLE_OBJC_ARC = YES;
				CLANG_WARN_BOOL_CONVERSION = YES;
				CLANG_WARN_CONSTANT_CONVERSION = YES;
				CLANG_WARN_DIRECT_OBJC_ISA_USAGE = YES_ERROR;
				CLANG_WARN_EMPTY_BODY = YES;
				CLANG_WARN_ENUM_CONVERSION = YES;
				CLANG_WARN_INT_CONVERSION = YES;
				CLANG_WARN_OBJC_ROOT_CLASS = YES_ERROR;
				CLANG_WARN_UNREACHABLE_CODE = YES;
				CLANG_WARN__DUPLICATE_METHOD_MATCH = YES;
				"CODE_SIGN_IDENTITY[sdk=iphoneos*]" = "iPhone Developer";
				COPY_PHASE_STRIP = NO;
				DEBUG_INFORMATION_FORMAT = dwarf;
				ENABLE_STRICT_OBJC_MSGSEND = YES;
				ENABLE_TESTABILITY = YES;
				GCC_C_LANGUAGE_STANDARD = gnu99;
				GCC_DYNAMIC_NO_PIC = NO;
				GCC_NO_COMMON_BLOCKS = YES;
				GCC_OPTIMIZATION_LEVEL = 0;
				GCC_PREPROCESSOR_DEFINITIONS = (
					"DEBUG=1",
					"$(inherited)",
				);
				GCC_WARN_64_TO_32_BIT_CONVERSION = YES;
				GCC_WARN_ABOUT_RETURN_TYPE = YES_ERROR;
				GCC_WARN_UNDECLARED_SELECTOR = YES;
				GCC_WARN_UNINITIALIZED_AUTOS = YES_AGGRESSIVE;
				GCC_WARN_UNUSED_FUNCTION = YES;
				GCC_WARN_UNUSED_VARIABLE = YES;
				IPHONEOS_DEPLOYMENT_TARGET = 9.2;
				MTL_ENABLE_DEBUG_INFO = YES;
				ONLY_ACTIVE_ARCH = YES;
				SDKROOT = iphoneos;
				SWIFT_OPTIMIZATION_LEVEL = "-Onone";
			};
			name = Debug;
		};
		18A912DE1C7B7C82009BAE81 /* Release */ = {
			isa = XCBuildConfiguration;
			buildSettings = {
				ALWAYS_SEARCH_USER_PATHS = NO;
				CLANG_CXX_LANGUAGE_STANDARD = "gnu++0x";
				CLANG_CXX_LIBRARY = "libc++";
				CLANG_ENABLE_MODULES = YES;
				CLANG_ENABLE_OBJC_ARC = YES;
				CLANG_WARN_BOOL_CONVERSION = YES;
				CLANG_WARN_CONSTANT_CONVERSION = YES;
				CLANG_WARN_DIRECT_OBJC_ISA_USAGE = YES_ERROR;
				CLANG_WARN_EMPTY_BODY = YES;
				CLANG_WARN_ENUM_CONVERSION = YES;
				CLANG_WARN_INT_CONVERSION = YES;
				CLANG_WARN_OBJC_ROOT_CLASS = YES_ERROR;
				CLANG_WARN_UNREACHABLE_CODE = YES;
				CLANG_WARN__DUPLICATE_METHOD_MATCH = YES;
				"CODE_SIGN_IDENTITY[sdk=iphoneos*]" = "iPhone Developer";
				COPY_PHASE_STRIP = NO;
				DEBUG_INFORMATION_FORMAT = "dwarf-with-dsym";
				ENABLE_NS_ASSERTIONS = NO;
				ENABLE_STRICT_OBJC_MSGSEND = YES;
				GCC_C_LANGUAGE_STANDARD = gnu99;
				GCC_NO_COMMON_BLOCKS = YES;
				GCC_WARN_64_TO_32_BIT_CONVERSION = YES;
				GCC_WARN_ABOUT_RETURN_TYPE = YES_ERROR;
				GCC_WARN_UNDECLARED_SELECTOR = YES;
				GCC_WARN_UNINITIALIZED_AUTOS = YES_AGGRESSIVE;
				GCC_WARN_UNUSED_FUNCTION = YES;
				GCC_WARN_UNUSED_VARIABLE = YES;
				IPHONEOS_DEPLOYMENT_TARGET = 9.2;
				MTL_ENABLE_DEBUG_INFO = NO;
				SDKROOT = iphoneos;
				VALIDATE_PRODUCT = YES;
			};
			name = Release;
		};
		18A912E01C7B7C82009BAE81 /* Debug */ = {
			isa = XCBuildConfiguration;
			baseConfigurationReference = 20CE99F446405D749CDD6F61 /* Pods.debug.xcconfig */;
			buildSettings = {
				ASSETCATALOG_COMPILER_APPICON_NAME = AppIcon;
				INFOPLIST_FILE = LocationParis/Info.plist;
				LD_RUNPATH_SEARCH_PATHS = "$(inherited) @executable_path/Frameworks";
				LIBRARY_SEARCH_PATHS = (
					"$(inherited)",
					"$(PROJECT_DIR)/lib/backendless",
					"$(PROJECT_DIR)/lib/CommLibiOS",
					"$(PROJECT_DIR)/lib/libav-11.4/lib",
					"$(PROJECT_DIR)/lib/MediaLibiOS3x",
					"$(PROJECT_DIR)/lib/speex-1.2rc2/lib",
					"$(PROJECT_DIR)/lib/x264/lib",
				);
				PRODUCT_BUNDLE_IDENTIFIER = com.Fantestech.LocationParis;
				PRODUCT_NAME = "$(TARGET_NAME)";
			};
			name = Debug;
		};
		18A912E11C7B7C82009BAE81 /* Release */ = {
			isa = XCBuildConfiguration;
			baseConfigurationReference = 44EAADD7359242640B4DB066 /* Pods.release.xcconfig */;
			buildSettings = {
				ASSETCATALOG_COMPILER_APPICON_NAME = AppIcon;
				INFOPLIST_FILE = LocationParis/Info.plist;
				LD_RUNPATH_SEARCH_PATHS = "$(inherited) @executable_path/Frameworks";
				LIBRARY_SEARCH_PATHS = (
					"$(inherited)",
					"$(PROJECT_DIR)/lib/backendless",
					"$(PROJECT_DIR)/lib/CommLibiOS",
					"$(PROJECT_DIR)/lib/libav-11.4/lib",
					"$(PROJECT_DIR)/lib/MediaLibiOS3x",
					"$(PROJECT_DIR)/lib/speex-1.2rc2/lib",
					"$(PROJECT_DIR)/lib/x264/lib",
				);
				PRODUCT_BUNDLE_IDENTIFIER = com.Fantestech.LocationParis;
				PRODUCT_NAME = "$(TARGET_NAME)";
			};
			name = Release;
		};
		18A912E31C7B7C82009BAE81 /* Debug */ = {
			isa = XCBuildConfiguration;
			buildSettings = {
				BUNDLE_LOADER = "$(TEST_HOST)";
				INFOPLIST_FILE = LocationParisTests/Info.plist;
				LD_RUNPATH_SEARCH_PATHS = "$(inherited) @executable_path/Frameworks @loader_path/Frameworks";
				PRODUCT_BUNDLE_IDENTIFIER = com.Fantestech.LocationParisTests;
				PRODUCT_NAME = "$(TARGET_NAME)";
				TEST_HOST = "$(BUILT_PRODUCTS_DIR)/LocationParis.app/LocationParis";
			};
			name = Debug;
		};
		18A912E41C7B7C82009BAE81 /* Release */ = {
			isa = XCBuildConfiguration;
			buildSettings = {
				BUNDLE_LOADER = "$(TEST_HOST)";
				INFOPLIST_FILE = LocationParisTests/Info.plist;
				LD_RUNPATH_SEARCH_PATHS = "$(inherited) @executable_path/Frameworks @loader_path/Frameworks";
				PRODUCT_BUNDLE_IDENTIFIER = com.Fantestech.LocationParisTests;
				PRODUCT_NAME = "$(TARGET_NAME)";
				TEST_HOST = "$(BUILT_PRODUCTS_DIR)/LocationParis.app/LocationParis";
			};
			name = Release;
		};
		18A912E61C7B7C82009BAE81 /* Debug */ = {
			isa = XCBuildConfiguration;
			buildSettings = {
				INFOPLIST_FILE = LocationParisUITests/Info.plist;
				LD_RUNPATH_SEARCH_PATHS = "$(inherited) @executable_path/Frameworks @loader_path/Frameworks";
				PRODUCT_BUNDLE_IDENTIFIER = com.Fantestech.LocationParisUITests;
				PRODUCT_NAME = "$(TARGET_NAME)";
				TEST_TARGET_NAME = LocationParis;
				USES_XCTRUNNER = YES;
			};
			name = Debug;
		};
		18A912E71C7B7C82009BAE81 /* Release */ = {
			isa = XCBuildConfiguration;
			buildSettings = {
				INFOPLIST_FILE = LocationParisUITests/Info.plist;
				LD_RUNPATH_SEARCH_PATHS = "$(inherited) @executable_path/Frameworks @loader_path/Frameworks";
				PRODUCT_BUNDLE_IDENTIFIER = com.Fantestech.LocationParisUITests;
				PRODUCT_NAME = "$(TARGET_NAME)";
				TEST_TARGET_NAME = LocationParis;
				USES_XCTRUNNER = YES;
			};
			name = Release;
		};
/* End XCBuildConfiguration section */

/* Begin XCConfigurationList section */
		18A912B01C7B7C82009BAE81 /* Build configuration list for PBXProject "LocationParis" */ = {
			isa = XCConfigurationList;
			buildConfigurations = (
				18A912DD1C7B7C82009BAE81 /* Debug */,
				18A912DE1C7B7C82009BAE81 /* Release */,
			);
			defaultConfigurationIsVisible = 0;
			defaultConfigurationName = Release;
		};
		18A912DF1C7B7C82009BAE81 /* Build configuration list for PBXNativeTarget "LocationParis" */ = {
			isa = XCConfigurationList;
			buildConfigurations = (
				18A912E01C7B7C82009BAE81 /* Debug */,
				18A912E11C7B7C82009BAE81 /* Release */,
			);
			defaultConfigurationIsVisible = 0;
			defaultConfigurationName = Release;
		};
		18A912E21C7B7C82009BAE81 /* Build configuration list for PBXNativeTarget "LocationParisTests" */ = {
			isa = XCConfigurationList;
			buildConfigurations = (
				18A912E31C7B7C82009BAE81 /* Debug */,
				18A912E41C7B7C82009BAE81 /* Release */,
			);
			defaultConfigurationIsVisible = 0;
			defaultConfigurationName = Release;
		};
		18A912E51C7B7C82009BAE81 /* Build configuration list for PBXNativeTarget "LocationParisUITests" */ = {
			isa = XCConfigurationList;
			buildConfigurations = (
				18A912E61C7B7C82009BAE81 /* Debug */,
				18A912E71C7B7C82009BAE81 /* Release */,
			);
			defaultConfigurationIsVisible = 0;
			defaultConfigurationName = Release;
		};
/* End XCConfigurationList section */
	};
	rootObject = 18A912AD1C7B7C82009BAE81 /* Project object */;
}
